hash: ff297cc4ef543fbc33492ea1e175d3740f305f8198bb4d82d7ad61a13658612b
updated: 2019-11-05T19:29:44.224933+03:00
imports:
- name: github.com/gin-gonic/gin
  version: b75d67cd51eb53c3c3a2fc406524c940021ffbda
- name: github.com/google/go-github
  version: c020c3ffe3ed6b1a9e95430384f4e8e3005c43bf
  subpackages:
  - github
- name: github.com/google/go-querystring
  version: c8c88dbee036db4e4808d1f2ec8c2e15e11c3f80
  subpackages:
  - query
- name: github.com/gorilla/mux
  version: f395758b854c4efa789b8c1e9b73479704c548cb
- name: golang.org/x/crypto
  version: c7e5f84aec591254278750bee18f39e5dd19cdb5
  subpackages:
  - cast5
  - openpgp
  - openpgp/armor
  - openpgp/elgamal
  - openpgp/errors
  - openpgp/packet
  - openpgp/s2k
- name: gopkg.in/mgo.v2
  version: a6b53ec6cb22a3699387a57a161566f9402ee85b
  subpackages:
  - bson
  - internal/json
  - internal/sasl
  - internal/scram
testImports: []
